dependencies:
  espressif/button:
    component_hash: e162e6c8fc670ae297dca5ec75037966c1d69a1509f0b2048a883a7c54fb7aba
    source:
      service_url: https://api.components.espressif.com/
      type: service
    version: 2.5.6
  espressif/cmake_utilities:
    component_hash: 9941c11223bbe015b5fe4b85ba6666b8ffde62008ec3512af91d90c482eb71d8
    source:
      service_url: https://api.components.espressif.com/
      type: service
    version: 0.5.1
  espressif/esp_codec_dev:
    component_hash: bfa92c177f836be5847e4a4248349267614500e1e0728c4939e51a73746b8918
    source:
      service_url: https://api.components.espressif.com/
      type: service
    version: 1.0.3
  espressif/esp_lvgl_port:
    component_hash: 5f7ec130fcfe1d5339cbd5b202766349e8614cd6504636d8902eb41823cb2ce7
    source:
      service_url: https://api.components.espressif.com/
      type: service
    version: 1.2.0
  espressif/json_generator:
    component_hash: 41da0ab732877184092676c50b5f3f3bf37ad783de2f9c27e441944e01b7d51b
    source:
      service_url: https://api.components.espressif.com/
      type: service
    version: 1.1.1
  espressif/json_parser:
    component_hash: 2130029a8c005ba12476c5b5ae5c1c4589cb0c171f8100644d1ab883434eb91f
    source:
      service_url: https://api.components.espressif.com/
      type: service
    version: 1.0.0
  espressif/led_strip:
    component_hash: c240f82567a37357bef313f76b0df93cb2da025835e525006096ea7e0fd61b4f
    source:
      service_url: https://api.components.espressif.com/
      type: service
    version: 2.4.3
  espressif/qrcode:
    component_hash: e07c05f9129250d79c62957c02e2f67d3485e917e6953cbc6637324b3a47ea7f
    source:
      service_url: https://api.components.espressif.com/
      type: service
    version: 0.1.0
  idf:
    component_hash: null
    source:
      type: idf
    version: 5.2.0
  lvgl/lvgl:
    component_hash: 2c0e0a0c48cf696bfa2b7ab0ef31843fd9a162620683ab9d916a0d43a3240441
    source:
      service_url: https://api.components.espressif.com/
      type: service
    version: 8.3.8
manifest_hash: 6dbfbb53b7f41f5f93122eb2197f189a3045581e493f7309c4ef90ffa261dab9
target: esp32s3
version: 1.0.0
